
Microsoft Visual Studio Solution File, Format Version 12.00
# Visual Studio Version 16
VisualStudioVersion = 16.0.30907.101
MinimumVisualStudioVersion = 10.0.40219.1
Project("{FAE04EC0-301F-11D3-BF4B-00C04F79EFBC}") = "SignUpGenie", "SignUpGenie\SignUpGenie.csproj", "{3D6AFD07-EA1F-41E8-898B-BBD788E17D02}"
EndProject
Global
	GlobalSection(SolutionConfigurationPlatforms) = preSolution
		Debug|Any CPU = Debug|Any CPU
		Release|Any CPU = Release|Any CPU
	EndGlobalSection
	GlobalSection(ProjectConfigurationPlatforms) = postSolution
		{3D6AFD07-EA1F-41E8-898B-BBD788E17D02}.Debug|Any CPU.ActiveCfg = Debug|Any CPU
		{3D6AFD07-EA1F-41E8-898B-BBD788E17D02}.Debug|Any CPU.Build.0 = Debug|Any CPU
		{3D6AFD07-EA1F-41E8-898B-BBD788E17D02}.Release|Any CPU.ActiveCfg = Release|Any CPU
		{3D6AFD07-EA1F-41E8-898B-BBD788E17D02}.Release|Any CPU.Build.0 = Release|Any CPU
	EndGlobalSection
	GlobalSection(SolutionProperties) = preSolution
		HideSolutionNode = FALSE
	EndGlobalSection
	GlobalSection(ExtensibilityGlobals) = postSolution
		SolutionGuid = {E178E290-8717-4654-BB5F-BC4DAADB9E38}
	EndGlobalSection
EndGlobal
